// !$*UTF8*$!
{
	archiveVersion = 1;
	classes = {
	};
	objectVersion = 56;
	objects = {

/* Begin PBXBuildFile section */
		6C12AF3C2A3EBFE10006D2E3 /* SourcesView.swift in Sources */ = {isa = PBXBuildFile; fileRef = 6C12AF3B2A3EBFE00006D2E3 /* SourcesView.swift */; };
		6C12AF3E2A3EC0000006D2E3 /* ImcInfoView.swift in Sources */ = {isa = PBXBuildFile; fileRef = 6C12AF3D2A3EC0000006D2E3 /* ImcInfoView.swift */; };
		6C12AF402A3EC13B0006D2E3 /* Articulo.swift in Sources */ = {isa = PBXBuildFile; fileRef = 6C12AF3F2A3EC13B0006D2E3 /* Articulo.swift */; };
		6C488EA729F6F366006AB99F /* CalculadoraIMCSwiftUIApp.swift in Sources */ = {isa = PBXBuildFile; fileRef = 6C488EA629F6F366006AB99F /* CalculadoraIMCSwiftUIApp.swift */; };
		6C488EA929F6F366006AB99F /* DatosView.swift in Sources */ = {isa = PBXBuildFile; fileRef = 6C488EA829F6F366006AB99F /* DatosView.swift */; };
		6C488EAB29F6F368006AB99F /* Assets.xcassets in Resources */ = {isa = PBXBuildFile; fileRef = 6C488EAA29F6F368006AB99F /* Assets.xcassets */; };
		6C488EAE29F6F368006AB99F /* Preview Assets.xcassets in Resources */ = {isa = PBXBuildFile; fileRef = 6C488EAD29F6F368006AB99F /* Preview Assets.xcassets */; };
		6C488EB529F6F4F6006AB99F /* ResultadoView.swift in Sources */ = {isa = PBXBuildFile; fileRef = 6C488EB429F6F4F6006AB99F /* ResultadoView.swift */; };
		6C488EB729F700EF006AB99F /* AtributoIMC.swift in Sources */ = {isa = PBXBuildFile; fileRef = 6C488EB629F700EF006AB99F /* AtributoIMC.swift */; };
/* End PBXBuildFile section */

/* Begin PBXFileReference section */
		6C12AF3B2A3EBFE00006D2E3 /* SourcesView.swift */ = {isa = PBXFileReference; lastKnownFileType = sourcecode.swift; path = SourcesView.swift; sourceTree = "<group>"; };
		6C12AF3D2A3EC0000006D2E3 /* ImcInfoView.swift */ = {isa = PBXFileReference; lastKnownFileType = sourcecode.swift; path = ImcInfoView.swift; sourceTree = "<group>"; };
		6C12AF3F2A3EC13B0006D2E3 /* Articulo.swift */ = {isa = PBXFileReference; fileEncoding = 4; lastKnownFileType = sourcecode.swift; path = Articulo.swift; sourceTree = "<group>"; };
		6C488EA329F6F366006AB99F /* CalculadoraIMCSwiftUI.app */ = {isa = PBXFileReference; explicitFileType = wrapper.application; includeInIndex = 0; path = CalculadoraIMCSwiftUI.app; sourceTree = BUILT_PRODUCTS_DIR; };
		6C488EA629F6F366006AB99F /* CalculadoraIMCSwiftUIApp.swift */ = {isa = PBXFileReference; lastKnownFileType = sourcecode.swift; path = CalculadoraIMCSwiftUIApp.swift; sourceTree = "<group>"; };
		6C488EA829F6F366006AB99F /* DatosView.swift */ = {isa = PBXFileReference; lastKnownFileType = sourcecode.swift; path = DatosView.swift; sourceTree = "<group>"; };
		6C488EAA29F6F368006AB99F /* Assets.xcassets */ = {isa = PBXFileReference; lastKnownFileType = folder.assetcatalog; path = Assets.xcassets; sourceTree = "<group>"; };
		6C488EAD29F6F368006AB99F /* Preview Assets.xcassets */ = {isa = PBXFileReference; lastKnownFileType = folder.assetcatalog; path = "Preview Assets.xcassets"; sourceTree = "<group>"; };
		6C488EB429F6F4F6006AB99F /* ResultadoView.swift */ = {isa = PBXFileReference; lastKnownFileType = sourcecode.swift; path = ResultadoView.swift; sourceTree = "<group>"; };
		6C488EB629F700EF006AB99F /* AtributoIMC.swift */ = {isa = PBXFileReference; lastKnownFileType = sourcecode.swift; path = AtributoIMC.swift; sourceTree = "<group>"; };
/* End PBXFileReference section */

/* Begin PBXFrameworksBuildPhase section */
		6C488EA029F6F366006AB99F /* Frameworks */ = {
			isa = PBXFrameworksBuildPhase;
			buildActionMask = 2147483647;
			files = (
			);
			runOnlyForDeploymentPostprocessing = 0;
		};
/* End PBXFrameworksBuildPhase section */

/* Begin PBXGroup section */
		6C488E9A29F6F366006AB99F = {
			isa = PBXGroup;
			children = (
				6C488EA529F6F366006AB99F /* CalculadoraIMCSwiftUI */,
				6C488EA429F6F366006AB99F /* Products */,
			);
			sourceTree = "<group>";
		};
		6C488EA429F6F366006AB99F /* Products */ = {
			isa = PBXGroup;
			children = (
				6C488EA329F6F366006AB99F /* CalculadoraIMCSwiftUI.app */,
			);
			name = Products;
			sourceTree = "<group>";
		};
		6C488EA529F6F366006AB99F /* CalculadoraIMCSwiftUI */ = {
			isa = PBXGroup;
			children = (
				6C488EA629F6F366006AB99F /* CalculadoraIMCSwiftUIApp.swift */,
				6C488EA829F6F366006AB99F /* DatosView.swift */,
				6C12AF3F2A3EC13B0006D2E3 /* Articulo.swift */,
				6C488EAA29F6F368006AB99F /* Assets.xcassets */,
				6C488EAC29F6F368006AB99F /* Preview Content */,
				6C488EB429F6F4F6006AB99F /* ResultadoView.swift */,
				6C488EB629F700EF006AB99F /* AtributoIMC.swift */,
				6C12AF3B2A3EBFE00006D2E3 /* SourcesView.swift */,
				6C12AF3D2A3EC0000006D2E3 /* ImcInfoView.swift */,
			);
			path = CalculadoraIMCSwiftUI;
			sourceTree = "<group>";
		};
		6C488EAC29F6F368006AB99F /* Preview Content */ = {
			isa = PBXGroup;
			children = (
				6C488EAD29F6F368006AB99F /* Preview Assets.xcassets */,
			);
			path = "Preview Content";
			sourceTree = "<group>";
		};
/* End PBXGroup section */

/* Begin PBXNativeTarget section */
		6C488EA229F6F366006AB99F /* CalculadoraIMCSwiftUI */ = {
			isa = PBXNativeTarget;
			buildConfigurationList = 6C488EB129F6F368006AB99F /* Build configuration list for PBXNativeTarget "CalculadoraIMCSwiftUI" */;
			buildPhases = (
				6C488E9F29F6F366006AB99F /* Sources */,
				6C488EA029F6F366006AB99F /* Frameworks */,
				6C488EA129F6F366006AB99F /* Resources */,
			);
			buildRules = (
			);
			dependencies = (
			);
			name = CalculadoraIMCSwiftUI;
			productName = CalculadoraIMCSwiftUI;
			productReference = 6C488EA329F6F366006AB99F /* CalculadoraIMCSwiftUI.app */;
			productType = "com.apple.product-type.application";
		};
/* End PBXNativeTarget section */

/* Begin PBXProject section */
		6C488E9B29F6F366006AB99F /* Project object */ = {
			isa = PBXProject;
			attributes = {
				BuildIndependentTargetsInParallel = 1;
				LastSwiftUpdateCheck = 1430;
				LastUpgradeCheck = 1430;
				TargetAttributes = {
					6C488EA229F6F366006AB99F = {
						CreatedOnToolsVersion = 14.3;
					};
				};
			};
			buildConfigurationList = 6C488E9E29F6F366006AB99F /* Build configuration list for PBXProject "CalculadoraIMCSwiftUI" */;
			compatibilityVersion = "Xcode 14.0";
			developmentRegion = en;
			hasScannedForEncodings = 0;
			knownRegions = (
				en,
				Base,
			);
			mainGroup = 6C488E9A29F6F366006AB99F;
			productRefGroup = 6C488EA429F6F366006AB99F /* Products */;
			projectDirPath = "";
			projectRoot = "";
			targets = (
				6C488EA229F6F366006AB99F /* CalculadoraIMCSwiftUI */,
			);
		};
/* End PBXProject section */

/* Begin PBXResourcesBuildPhase section */
		6C488EA129F6F366006AB99F /* Resources */ = {
			isa = PBXResourcesBuildPhase;
			buildActionMask = 2147483647;
			files = (
				6C488EAE29F6F368006AB99F /* Preview Assets.xcassets in Resources */,
				6C488EAB29F6F368006AB99F /* Assets.xcassets in Resources */,
			);
			runOnlyForDeploymentPostprocessing = 0;
		};
/* End PBXResourcesBuildPhase section */

/* Begin PBXSourcesBuildPhase section */
		6C488E9F29F6F366006AB99F /* Sources */ = {
			isa = PBXSourcesBuildPhase;
			buildActionMask = 2147483647;
			files = (
				6C12AF3E2A3EC0000006D2E3 /* ImcInfoView.swift in Sources */,
				6C488EA929F6F366006AB99F /* DatosView.swift in Sources */,
				6C488EA729F6F366006AB99F /* CalculadoraIMCSwiftUIApp.swift in Sources */,
				6C488EB529F6F4F6006AB99F /* ResultadoView.swift in Sources */,
				6C12AF402A3EC13B0006D2E3 /* Articulo.swift in Sources */,
				6C488EB729F700EF006AB99F /* AtributoIMC.swift in Sources */,
				6C12AF3C2A3EBFE10006D2E3 /* SourcesView.swift in Sources */,
			);
			runOnlyForDeploymentPostprocessing = 0;
		};
/* End PBXSourcesBuildPhase section */

/* Begin XCBuildConfiguration section */
		6C488EAF29F6F368006AB99F /* Debug */ = {
			isa = XCBuildConfiguration;
			buildSettings = {
				ALWAYS_SEARCH_USER_PATHS = NO;
				CLANG_ANALYZER_NONNULL = YES;
				CLANG_ANALYZER_NUMBER_OBJECT_CONVERSION = YES_AGGRESSIVE;
				CLANG_CXX_LANGUAGE_STANDARD = "gnu++20";
				CLANG_ENABLE_MODULES = YES;
				CLANG_ENABLE_OBJC_ARC = YES;
				CLANG_ENABLE_OBJC_WEAK = YES;
				CLANG_WARN_BLOCK_CAPTURE_AUTORELEASING = YES;
				CLANG_WARN_BOOL_CONVERSION = YES;
				CLANG_WARN_COMMA = YES;
				CLANG_WARN_CONSTANT_CONVERSION = YES;
				CLANG_WARN_DEPRECATED_OBJC_IMPLEMENTATIONS = YES;
				CLANG_WARN_DIRECT_OBJC_ISA_USAGE = YES_ERROR;
				CLANG_WARN_DOCUMENTATION_COMMENTS = YES;
				CLANG_WARN_EMPTY_BODY = YES;
				CLANG_WARN_ENUM_CONVERSION = YES;
				CLANG_WARN_INFINITE_RECURSION = YES;
				CLANG_WARN_INT_CONVERSION = YES;
				CLANG_WARN_NON_LITERAL_NULL_CONVERSION = YES;
				CLANG_WARN_OBJC_IMPLICIT_RETAIN_SELF = YES;
				CLANG_WARN_OBJC_LITERAL_CONVERSION = YES;
				CLANG_WARN_OBJC_ROOT_CLASS = YES_ERROR;
				CLANG_WARN_QUOTED_INCLUDE_IN_FRAMEWORK_HEADER = YES;
				CLANG_WARN_RANGE_LOOP_ANALYSIS = YES;
				CLANG_WARN_STRICT_PROTOTYPES = YES;
				CLANG_WARN_SUSPICIOUS_MOVE = YES;
				CLANG_WARN_UNGUARDED_AVAILABILITY = YES_AGGRESSIVE;
				CLANG_WARN_UNREACHABLE_CODE = YES;
				CLANG_WARN__DUPLICATE_METHOD_MATCH = YES;
				COPY_PHASE_STRIP = NO;
				DEBUG_INFORMATION_FORMAT = dwarf;
				ENABLE_STRICT_OBJC_MSGSEND = YES;
				ENABLE_TESTABILITY = YES;
				GCC_C_LANGUAGE_STANDARD = gnu11;
				GCC_DYNAMIC_NO_PIC = NO;
				GCC_NO_COMMON_BLOCKS = YES;
				GCC_OPTIMIZATION_LEVEL = 0;
				GCC_PREPROCESSOR_DEFINITIONS = (
					"DEBUG=1",
					"$(inherited)",
				);
				GCC_WARN_64_TO_32_BIT_CONVERSION = YES;
				GCC_WARN_ABOUT_RETURN_TYPE = YES_ERROR;
				GCC_WARN_UNDECLARED_SELECTOR = YES;
				GCC_WARN_UNINITIALIZED_AUTOS = YES_AGGRESSIVE;
				GCC_WARN_UNUSED_FUNCTION = YES;
				GCC_WARN_UNUSED_VARIABLE = YES;
				IPHONEOS_DEPLOYMENT_TARGET = 16.4;
				MTL_ENABLE_DEBUG_INFO = INCLUDE_SOURCE;
				MTL_FAST_MATH = YES;
				ONLY_ACTIVE_ARCH = YES;
				SDKROOT = iphoneos;
				SWIFT_ACTIVE_COMPILATION_CONDITIONS = DEBUG;
				SWIFT_OPTIMIZATION_LEVEL = "-Onone";
			};
			name = Debug;
		};
		6C488EB029F6F368006AB99F /* Release */ = {
			isa = XCBuildConfiguration;
			buildSettings = {
				ALWAYS_SEARCH_USER_PATHS = NO;
				CLANG_ANALYZER_NONNULL = YES;
				CLANG_ANALYZER_NUMBER_OBJECT_CONVERSION = YES_AGGRESSIVE;
				CLANG_CXX_LANGUAGE_STANDARD = "gnu++20";
				CLANG_ENABLE_MODULES = YES;
				CLANG_ENABLE_OBJC_ARC = YES;
				CLANG_ENABLE_OBJC_WEAK = YES;
				CLANG_WARN_BLOCK_CAPTURE_AUTORELEASING = YES;
				CLANG_WARN_BOOL_CONVERSION = YES;
				CLANG_WARN_COMMA = YES;
				CLANG_WARN_CONSTANT_CONVERSION = YES;
				CLANG_WARN_DEPRECATED_OBJC_IMPLEMENTATIONS = YES;
				CLANG_WARN_DIRECT_OBJC_ISA_USAGE = YES_ERROR;
				CLANG_WARN_DOCUMENTATION_COMMENTS = YES;
				CLANG_WARN_EMPTY_BODY = YES;
				CLANG_WARN_ENUM_CONVERSION = YES;
				CLANG_WARN_INFINITE_RECURSION = YES;
				CLANG_WARN_INT_CONVERSION = YES;
				CLANG_WARN_NON_LITERAL_NULL_CONVERSION = YES;
				CLANG_WARN_OBJC_IMPLICIT_RETAIN_SELF = YES;
				CLANG_WARN_OBJC_LITERAL_CONVERSION = YES;
				CLANG_WARN_OBJC_ROOT_CLASS = YES_ERROR;
				CLANG_WARN_QUOTED_INCLUDE_IN_FRAMEWORK_HEADER = YES;
				CLANG_WARN_RANGE_LOOP_ANALYSIS = YES;
				CLANG_WARN_STRICT_PROTOTYPES = YES;
				CLANG_WARN_SUSPICIOUS_MOVE = YES;
				CLANG_WARN_UNGUARDED_AVAILABILITY = YES_AGGRESSIVE;
				CLANG_WARN_UNREACHABLE_CODE = YES;
				CLANG_WARN__DUPLICATE_METHOD_MATCH = YES;
				COPY_PHASE_STRIP = NO;
				DEBUG_INFORMATION_FORMAT = "dwarf-with-dsym";
				ENABLE_NS_ASSERTIONS = NO;
				ENABLE_STRICT_OBJC_MSGSEND = YES;
				GCC_C_LANGUAGE_STANDARD = gnu11;
				GCC_NO_COMMON_BLOCKS = YES;
				GCC_WARN_64_TO_32_BIT_CONVERSION = YES;
				GCC_WARN_ABOUT_RETURN_TYPE = YES_ERROR;
				GCC_WARN_UNDECLARED_SELECTOR = YES;
				GCC_WARN_UNINITIALIZED_AUTOS = YES_AGGRESSIVE;
				GCC_WARN_UNUSED_FUNCTION = YES;
				GCC_WARN_UNUSED_VARIABLE = YES;
				IPHONEOS_DEPLOYMENT_TARGET = 16.4;
				MTL_ENABLE_DEBUG_INFO = NO;
				MTL_FAST_MATH = YES;
				SDKROOT = iphoneos;
				SWIFT_COMPILATION_MODE = wholemodule;
				SWIFT_OPTIMIZATION_LEVEL = "-O";
				VALIDATE_PRODUCT = YES;
			};
			name = Release;
		};
		6C488EB229F6F368006AB99F /* Debug */ = {
			isa = XCBuildConfiguration;
			buildSettings = {
				ASSETCATALOG_COMPILER_APPICON_NAME = AppIcon;
				ASSETCATALOG_COMPILER_GLOBAL_ACCENT_COLOR_NAME = AccentColor;
				CODE_SIGN_STYLE = Automatic;
				CURRENT_PROJECT_VERSION = 1;
				DEVELOPMENT_ASSET_PATHS = "\"CalculadoraIMCSwiftUI/Preview Content\"";
				DEVELOPMENT_TEAM = V5U53J8M62;
				ENABLE_PREVIEWS = YES;
				GENERATE_INFOPLIST_FILE = YES;
				INFOPLIST_KEY_UIApplicationSceneManifest_Generation = YES;
				INFOPLIST_KEY_UIApplicationSupportsIndirectInputEvents = YES;
				INFOPLIST_KEY_UILaunchScreen_Generation = YES;
				INFOPLIST_KEY_UISupportedInterfaceOrientations_iPad = "UIInterfaceOrientationPortrait UIInterfaceOrientationPortraitUpsideDown UIInterfaceOrientationLandscapeLeft UIInterfaceOrientationLandscapeRight";
				INFOPLIST_KEY_UISupportedInterfaceOrientations_iPhone = "UIInterfaceOrientationPortrait UIInterfaceOrientationLandscapeLeft UIInterfaceOrientationLandscapeRight";
				LD_RUNPATH_SEARCH_PATHS = (
					"$(inherited)",
					"@executable_path/Frameworks",
				);
				MARKETING_VERSION = 1.0;
				PRODUCT_BUNDLE_IDENTIFIER = com.rotadevsolutions.CalculadoraIMCSwiftUI;
				PRODUCT_NAME = "$(TARGET_NAME)";
				SWIFT_EMIT_LOC_STRINGS = YES;
				SWIFT_VERSION = 5.0;
				TARGETED_DEVICE_FAMILY = "1,2";
			};
			name = Debug;
		};
		6C488EB329F6F368006AB99F /* Release */ = {
			isa = XCBuildConfiguration;
			buildSettings = {
				ASSETCATALOG_COMPILER_APPICON_NAME = AppIcon;
				ASSETCATALOG_COMPILER_GLOBAL_ACCENT_COLOR_NAME = AccentColor;
				CODE_SIGN_STYLE = Automatic;
				CURRENT_PROJECT_VERSION = 1;
				DEVELOPMENT_ASSET_PATHS = "\"CalculadoraIMCSwiftUI/Preview Content\"";
				DEVELOPMENT_TEAM = V5U53J8M62;
				ENABLE_PREVIEWS = YES;
				GENERATE_INFOPLIST_FILE = YES;
				INFOPLIST_KEY_UIApplicationSceneManifest_Generation = YES;
				INFOPLIST_KEY_UIApplicationSupportsIndirectInputEvents = YES;
				INFOPLIST_KEY_UILaunchScreen_Generation = YES;
				INFOPLIST_KEY_UISupportedInterfaceOrientations_iPad = "UIInterfaceOrientationPortrait UIInterfaceOrientationPortraitUpsideDown UIInterfaceOrientationLandscapeLeft UIInterfaceOrientationLandscapeRight";
				INFOPLIST_KEY_UISupportedInterfaceOrientations_iPhone = "UIInterfaceOrientationPortrait UIInterfaceOrientationLandscapeLeft UIInterfaceOrientationLandscapeRight";
				LD_RUNPATH_SEARCH_PATHS = (
					"$(inherited)",
					"@executable_path/Frameworks",
				);
				MARKETING_VERSION = 1.0;
				PRODUCT_BUNDLE_IDENTIFIER = com.rotadevsolutions.CalculadoraIMCSwiftUI;
				PRODUCT_NAME = "$(TARGET_NAME)";
				SWIFT_EMIT_LOC_STRINGS = YES;
				SWIFT_VERSION = 5.0;
				TARGETED_DEVICE_FAMILY = "1,2";
			};
			name = Release;
		};
/* End XCBuildConfiguration section */

/* Begin XCConfigurationList section */
		6C488E9E29F6F366006AB99F /* Build configuration list for PBXProject "CalculadoraIMCSwiftUI" */ = {
			isa = XCConfigurationList;
			buildConfigurations = (
				6C488EAF29F6F368006AB99F /* Debug */,
				6C488EB029F6F368006AB99F /* Release */,
			);
			defaultConfigurationIsVisible = 0;
			defaultConfigurationName = Release;
		};
		6C488EB129F6F368006AB99F /* Build configuration list for PBXNativeTarget "CalculadoraIMCSwiftUI" */ = {
			isa = XCConfigurationList;
			buildConfigurations = (
				6C488EB229F6F368006AB99F /* Debug */,
				6C488EB329F6F368006AB99F /* Release */,
			);
			defaultConfigurationIsVisible = 0;
			defaultConfigurationName = Release;
		};
/* End XCConfigurationList section */
	};
	rootObject = 6C488E9B29F6F366006AB99F /* Project object */;
}
